github.com/gosimple/slug v1.9.0/go.mod h1:AMZ+sOVe65uByN3kgEyf9WEBKBCSS+dJjMX9x4vDJbg=
github.com/gosimple/slug v1.15.0 h1:wRZHsRrRcs6b0XnxMUBM6WK1U1Vg5B0R7VkIf1Xzobo=
github.com/gosimple/slug v1.15.0/go.mod h1:UiRaFH+GEilHstLUmcBgWcI42viBN7mAb818JrYOeFQ=
github.com/gosimple/unidecode v1.0.1 h1:hZzFTMMqSswvf0LBJZCZgThIZrpDHFXux9KeGmn6T/o=
github.com/gosimple/unidecode v1.0.1/go.mod h1:CP0Cr1Y1kogOtx0bJblKzsVWrqYaqfNOnHzpgWw4Awc=
github.com/mdigger/goldmark-toc v0.0.0-20191225162753-7bc0e0d778c3 h1:V8Lm1RZWBBCemfs8u4aCkfrovo6TQWxCdIPbNFzZmZs=
github.com/mdigger/goldmark-toc v0.0.0-20191225162753-7bc0e0d778c3/go.mod h1:8N/DY/esIgHhhFgb7Hqu6IImzuGUmc3rc2vJlkg7MVw=
github.com/rainycape/unidecode v0.0.0-20150907023854-cb7f23ec59be/go.mod h1:MIDFMn7db1kT65GmV94GzpX9Qdi7N/pQlwb+AN8wh+Q=
github.com/yuin/goldmark v1.1.18/go.mod h1:3hX8gzYuyVAZsxl0MRgGTJEmQBFcNTphYh9decYSb74=
github.com/yuin/goldmark v1.7.13 h1:GPddIs617DnBLFFVJFgpo1aBfe/4xcvMc3SB5t/D0pA=
github.com/yuin/goldmark v1.7.13/go.mod h1:ip/1k0VRfGynBgxOz0yCqHrbZXhcjxyuS66Brc7iBKg=
go.xrfang.cn/act v0.5.1 h1:yTr6rQi2blhDqVzPIQYquZ0z1+m3PatIeWerZwTwJ2E=
go.xrfang.cn/act v0.5.1/go.mod h1:t17kiud7u7VqYxowbzZ1zAOTTZwyC9PnLZ/KjhhNwBE=
